
Microsoft Visual Studio Solution File, Format Version 12.00
# Visual Studio Version 16
VisualStudioVersion = 16.0.31702.278
MinimumVisualStudioVersion = 10.0.40219.1
Project("{9A19103F-16F7-4668-BE54-9A1E7A4F7556}") = "Backend", "Backend\Backend.csproj", "{26DE05FC-57DB-4BD8-A8DD-6754A6A88702}"
EndProject
Project("{FAE04EC0-301F-11D3-BF4B-00C04F79EFBC}") = "Front", "Front\Front.csproj", "{23D78DA5-DB99-4663-8053-72A514EEB1BC}"
EndProject
Global
	GlobalSection(SolutionConfigurationPlatforms) = preSolution
		Debug|Any CPU = Debug|Any CPU
		Release|Any CPU = Release|Any CPU
	EndGlobalSection
	GlobalSection(ProjectConfigurationPlatforms) = postSolution
		{26DE05FC-57DB-4BD8-A8DD-6754A6A88702}.Debug|Any CPU.ActiveCfg = Debug|Any CPU
		{26DE05FC-57DB-4BD8-A8DD-6754A6A88702}.Debug|Any CPU.Build.0 = Debug|Any CPU
		{26DE05FC-57DB-4BD8-A8DD-6754A6A88702}.Release|Any CPU.ActiveCfg = Release|Any CPU
		{26DE05FC-57DB-4BD8-A8DD-6754A6A88702}.Release|Any CPU.Build.0 = Release|Any CPU
		{23D78DA5-DB99-4663-8053-72A514EEB1BC}.Debug|Any CPU.ActiveCfg = Debug|Any CPU
		{23D78DA5-DB99-4663-8053-72A514EEB1BC}.Debug|Any CPU.Build.0 = Debug|Any CPU
		{23D78DA5-DB99-4663-8053-72A514EEB1BC}.Release|Any CPU.ActiveCfg = Release|Any CPU
		{23D78DA5-DB99-4663-8053-72A514EEB1BC}.Release|Any CPU.Build.0 = Release|Any CPU
	EndGlobalSection
	GlobalSection(SolutionProperties) = preSolution
		HideSolutionNode = FALSE
	EndGlobalSection
	GlobalSection(ExtensibilityGlobals) = postSolution
		SolutionGuid = {FE91093A-D9BE-4AE8-990E-A6C66FDD884B}
	EndGlobalSection
EndGlobal
